
Microsoft Visual Studio Solution File, Format Version 12.00
# Visual Studio Version 17
VisualStudioVersion = 17.4.33103.184
MinimumVisualStudioVersion = 10.0.40219.1
Project("{9A19103F-16F7-4668-BE54-9A1E7A4F7556}") = "StockManagement.Gui", "StockManagement.Gui\StockManagement.Gui.csproj", "{CAFDBA4D-AEA8-4C11-8BE9-108C269962C0}"
EndProject
Project("{9A19103F-16F7-4668-BE54-9A1E7A4F7556}") = "StockManagement.Kernel", "StockManagement.Kernel\StockManagement.Kernel.csproj", "{C2CEDA4A-255D-46AF-99E8-1C2A823565EE}"
EndProject
Project("{2150E333-8FDC-42A3-9474-1A3956D46DE8}") = "Solution Items", "Solution Items", "{69B1CEB9-11E0-4565-92AA-6314F2B1386F}"
	ProjectSection(SolutionItems) = preProject
		.editorconfig = .editorconfig
	EndProjectSection
EndProject
Project("{9A19103F-16F7-4668-BE54-9A1E7A4F7556}") = "StockManagement.Language", "StockManagement.Language\StockManagement.Language.csproj", "{50F297FB-853A-4320-A064-6F332218104F}"
EndProject
Project("{930C7802-8A8C-48F9-8165-68863BCCD9DD}") = "StockManagement.Installer", "StockManagement.Installer\StockManagement.Installer.wixproj", "{FFBA066D-A4BB-4C1D-8686-737D0AD6B61D}"
EndProject
Global
	GlobalSection(SolutionConfigurationPlatforms) = preSolution
		Debug|Any CPU = Debug|Any CPU
		Debug|x86 = Debug|x86
		Release|Any CPU = Release|Any CPU
		Release|x86 = Release|x86
	EndGlobalSection
	GlobalSection(ProjectConfigurationPlatforms) = postSolution
		{CAFDBA4D-AEA8-4C11-8BE9-108C269962C0}.Debug|Any CPU.ActiveCfg = Debug|Any CPU
		{CAFDBA4D-AEA8-4C11-8BE9-108C269962C0}.Debug|Any CPU.Build.0 = Debug|Any CPU
		{CAFDBA4D-AEA8-4C11-8BE9-108C269962C0}.Debug|x86.ActiveCfg = Debug|Any CPU
		{CAFDBA4D-AEA8-4C11-8BE9-108C269962C0}.Debug|x86.Build.0 = Debug|Any CPU
		{CAFDBA4D-AEA8-4C11-8BE9-108C269962C0}.Release|Any CPU.ActiveCfg = Release|Any CPU
		{CAFDBA4D-AEA8-4C11-8BE9-108C269962C0}.Release|Any CPU.Build.0 = Release|Any CPU
		{CAFDBA4D-AEA8-4C11-8BE9-108C269962C0}.Release|x86.ActiveCfg = Release|Any CPU
		{CAFDBA4D-AEA8-4C11-8BE9-108C269962C0}.Release|x86.Build.0 = Release|Any CPU
		{C2CEDA4A-255D-46AF-99E8-1C2A823565EE}.Debug|Any CPU.ActiveCfg = Debug|Any CPU
		{C2CEDA4A-255D-46AF-99E8-1C2A823565EE}.Debug|Any CPU.Build.0 = Debug|Any CPU
		{C2CEDA4A-255D-46AF-99E8-1C2A823565EE}.Debug|x86.ActiveCfg = Debug|Any CPU
		{C2CEDA4A-255D-46AF-99E8-1C2A823565EE}.Debug|x86.Build.0 = Debug|Any CPU
		{C2CEDA4A-255D-46AF-99E8-1C2A823565EE}.Release|Any CPU.ActiveCfg = Release|Any CPU
		{C2CEDA4A-255D-46AF-99E8-1C2A823565EE}.Release|Any CPU.Build.0 = Release|Any CPU
		{C2CEDA4A-255D-46AF-99E8-1C2A823565EE}.Release|x86.ActiveCfg = Release|Any CPU
		{C2CEDA4A-255D-46AF-99E8-1C2A823565EE}.Release|x86.Build.0 = Release|Any CPU
		{50F297FB-853A-4320-A064-6F332218104F}.Debug|Any CPU.ActiveCfg = Debug|Any CPU
		{50F297FB-853A-4320-A064-6F332218104F}.Debug|Any CPU.Build.0 = Debug|Any CPU
		{50F297FB-853A-4320-A064-6F332218104F}.Debug|x86.ActiveCfg = Debug|Any CPU
		{50F297FB-853A-4320-A064-6F332218104F}.Debug|x86.Build.0 = Debug|Any CPU
		{50F297FB-853A-4320-A064-6F332218104F}.Release|Any CPU.ActiveCfg = Release|Any CPU
		{50F297FB-853A-4320-A064-6F332218104F}.Release|Any CPU.Build.0 = Release|Any CPU
		{50F297FB-853A-4320-A064-6F332218104F}.Release|x86.ActiveCfg = Release|Any CPU
		{50F297FB-853A-4320-A064-6F332218104F}.Release|x86.Build.0 = Release|Any CPU
		{FFBA066D-A4BB-4C1D-8686-737D0AD6B61D}.Debug|Any CPU.ActiveCfg = Debug|x86
		{FFBA066D-A4BB-4C1D-8686-737D0AD6B61D}.Debug|Any CPU.Build.0 = Debug|x86
		{FFBA066D-A4BB-4C1D-8686-737D0AD6B61D}.Debug|x86.ActiveCfg = Debug|x86
		{FFBA066D-A4BB-4C1D-8686-737D0AD6B61D}.Debug|x86.Build.0 = Debug|x86
		{FFBA066D-A4BB-4C1D-8686-737D0AD6B61D}.Release|Any CPU.ActiveCfg = Release|x86
		{FFBA066D-A4BB-4C1D-8686-737D0AD6B61D}.Release|Any CPU.Build.0 = Release|x86
		{FFBA066D-A4BB-4C1D-8686-737D0AD6B61D}.Release|x86.ActiveCfg = Release|x86
		{FFBA066D-A4BB-4C1D-8686-737D0AD6B61D}.Release|x86.Build.0 = Release|x86
	EndGlobalSection
	GlobalSection(SolutionProperties) = preSolution
		HideSolutionNode = FALSE
	EndGlobalSection
	GlobalSection(ExtensibilityGlobals) = postSolution
		SolutionGuid = {65BD75D8-4278-4F43-A81D-E768924D1D4B}
	EndGlobalSection
EndGlobal
