
Microsoft Visual Studio Solution File, Format Version 12.00
# Visual Studio Version 17
VisualStudioVersion = 17.4.33103.184
MinimumVisualStudioVersion = 10.0.40219.1
Project("{9A19103F-16F7-4668-BE54-9A1E7A4F7556}") = "StockManagement.Kernel.Tests", "StockManagement.Tests\StockManagement.Kernel.Tests.csproj", "{3A437CDF-6ED1-493C-962E-3E2DB2AEFC98}"
EndProject
Project("{FAE04EC0-301F-11D3-BF4B-00C04F79EFBC}") = "StockManagement.Gui", "StockManagement.Gui\StockManagement.Gui.csproj", "{CAFDBA4D-AEA8-4C11-8BE9-108C269962C0}"
EndProject
Project("{FAE04EC0-301F-11D3-BF4B-00C04F79EFBC}") = "StockManagement.Kernel", "StockManagement.Kernel\StockManagement.Kernel.csproj", "{C2CEDA4A-255D-46AF-99E8-1C2A823565EE}"
EndProject
Project("{FAE04EC0-301F-11D3-BF4B-00C04F79EFBC}") = "StockManagement.Gui.Tests", "StockManagement.Gui.Tests\StockManagement.Gui.Tests.csproj", "{086B2521-9541-49BD-929A-C0EBDF912A73}"
EndProject
Global
	GlobalSection(SolutionConfigurationPlatforms) = preSolution
		Debug|Any CPU = Debug|Any CPU
		Release|Any CPU = Release|Any CPU
	EndGlobalSection
	GlobalSection(ProjectConfigurationPlatforms) = postSolution
		{3A437CDF-6ED1-493C-962E-3E2DB2AEFC98}.Debug|Any CPU.ActiveCfg = Debug|Any CPU
		{3A437CDF-6ED1-493C-962E-3E2DB2AEFC98}.Debug|Any CPU.Build.0 = Debug|Any CPU
		{3A437CDF-6ED1-493C-962E-3E2DB2AEFC98}.Release|Any CPU.ActiveCfg = Release|Any CPU
		{3A437CDF-6ED1-493C-962E-3E2DB2AEFC98}.Release|Any CPU.Build.0 = Release|Any CPU
		{CAFDBA4D-AEA8-4C11-8BE9-108C269962C0}.Debug|Any CPU.ActiveCfg = Debug|Any CPU
		{CAFDBA4D-AEA8-4C11-8BE9-108C269962C0}.Debug|Any CPU.Build.0 = Debug|Any CPU
		{CAFDBA4D-AEA8-4C11-8BE9-108C269962C0}.Release|Any CPU.ActiveCfg = Release|Any CPU
		{CAFDBA4D-AEA8-4C11-8BE9-108C269962C0}.Release|Any CPU.Build.0 = Release|Any CPU
		{C2CEDA4A-255D-46AF-99E8-1C2A823565EE}.Debug|Any CPU.ActiveCfg = Debug|Any CPU
		{C2CEDA4A-255D-46AF-99E8-1C2A823565EE}.Debug|Any CPU.Build.0 = Debug|Any CPU
		{C2CEDA4A-255D-46AF-99E8-1C2A823565EE}.Release|Any CPU.ActiveCfg = Release|Any CPU
		{C2CEDA4A-255D-46AF-99E8-1C2A823565EE}.Release|Any CPU.Build.0 = Release|Any CPU
		{086B2521-9541-49BD-929A-C0EBDF912A73}.Debug|Any CPU.ActiveCfg = Debug|Any CPU
		{086B2521-9541-49BD-929A-C0EBDF912A73}.Debug|Any CPU.Build.0 = Debug|Any CPU
		{086B2521-9541-49BD-929A-C0EBDF912A73}.Release|Any CPU.ActiveCfg = Release|Any CPU
		{086B2521-9541-49BD-929A-C0EBDF912A73}.Release|Any CPU.Build.0 = Release|Any CPU
	EndGlobalSection
	GlobalSection(SolutionProperties) = preSolution
		HideSolutionNode = FALSE
	EndGlobalSection
	GlobalSection(ExtensibilityGlobals) = postSolution
		SolutionGuid = {65BD75D8-4278-4F43-A81D-E768924D1D4B}
	EndGlobalSection
EndGlobal
